// !$*UTF8*$!
{
	archiveVersion = 1;
	classes = {
	};
	objectVersion = 50;
	objects = {

/* Begin PBXBuildFile section */
		C119E1E3211198AB00025202 /* AppDelegate.swift in Sources */ = {isa = PBXBuildFile; fileRef = C119E1E2211198AB00025202 /* AppDelegate.swift */; };
		C119E1E5211198AB00025202 /* ViewController.swift in Sources */ = {isa = PBXBuildFile; fileRef = C119E1E4211198AB00025202 /* ViewController.swift */; };
		C119E1E8211198AB00025202 /* Main.storyboard in Resources */ = {isa = PBXBuildFile; fileRef = C119E1E6211198AB00025202 /* Main.storyboard */; };
		C119E1EA211198AC00025202 /* Assets.xcassets in Resources */ = {isa = PBXBuildFile; fileRef = C119E1E9211198AC00025202 /* Assets.xcassets */; };
		C119E1ED211198AC00025202 /* LaunchScreen.storyboard in Resources */ = {isa = PBXBuildFile; fileRef = C119E1EB211198AC00025202 /* LaunchScreen.storyboard */; };
		C119E1FD2111A2CF00025202 /* note3.wav in Resources */ = {isa = PBXBuildFile; fileRef = C119E1F62111A2C600025202 /* note3.wav */; };
		C119E1FE2111A2CF00025202 /* note2.wav in Resources */ = {isa = PBXBuildFile; fileRef = C119E1F72111A2C700025202 /* note2.wav */; };
		C119E1FF2111A2CF00025202 /* note7.wav in Resources */ = {isa = PBXBuildFile; fileRef = C119E1F82111A2C900025202 /* note7.wav */; };
		C119E2002111A2CF00025202 /* note4.wav in Resources */ = {isa = PBXBuildFile; fileRef = C119E1F92111A2CB00025202 /* note4.wav */; };
		C119E2012111A2CF00025202 /* note5.wav in Resources */ = {isa = PBXBuildFile; fileRef = C119E1FA2111A2CC00025202 /* note5.wav */; };
		C119E2022111A2CF00025202 /* note1.wav in Resources */ = {isa = PBXBuildFile; fileRef = C119E1FB2111A2CE00025202 /* note1.wav */; };
		C119E2032111A2CF00025202 /* note6.wav in Resources */ = {isa = PBXBuildFile; fileRef = C119E1FC2111A2CF00025202 /* note6.wav */; };
/* End PBXBuildFile section */

/* Begin PBXFileReference section */
		C119E1DF211198AB00025202 /* Xylophone.app */ = {isa = PBXFileReference; explicitFileType = wrapper.application; includeInIndex = 0; path = Xylophone.app; sourceTree = BUILT_PRODUCTS_DIR; };
		C119E1E2211198AB00025202 /* AppDelegate.swift */ = {isa = PBXFileReference; lastKnownFileType = sourcecode.swift; path = AppDelegate.swift; sourceTree = "<group>"; };
		C119E1E4211198AB00025202 /* ViewController.swift */ = {isa = PBXFileReference; lastKnownFileType = sourcecode.swift; path = ViewController.swift; sourceTree = "<group>"; };
		C119E1E7211198AB00025202 /* Base */ = {isa = PBXFileReference; lastKnownFileType = file.storyboard; name = Base; path = Base.lproj/Main.storyboard; sourceTree = "<group>"; };
		C119E1E9211198AC00025202 /* Assets.xcassets */ = {isa = PBXFileReference; lastKnownFileType = folder.assetcatalog; path = Assets.xcassets; sourceTree = "<group>"; };
		C119E1EC211198AC00025202 /* Base */ = {isa = PBXFileReference; lastKnownFileType = file.storyboard; name = Base; path = Base.lproj/LaunchScreen.storyboard; sourceTree = "<group>"; };
		C119E1EE211198AC00025202 /* Info.plist */ = {isa = PBXFileReference; lastKnownFileType = text.plist.xml; path = Info.plist; sourceTree = "<group>"; };
		C119E1F62111A2C600025202 /* note3.wav */ = {isa = PBXFileReference; lastKnownFileType = audio.wav; path = note3.wav; sourceTree = "<group>"; };
		C119E1F72111A2C700025202 /* note2.wav */ = {isa = PBXFileReference; lastKnownFileType = audio.wav; path = note2.wav; sourceTree = "<group>"; };
		C119E1F82111A2C900025202 /* note7.wav */ = {isa = PBXFileReference; lastKnownFileType = audio.wav; path = note7.wav; sourceTree = "<group>"; };
		C119E1F92111A2CB00025202 /* note4.wav */ = {isa = PBXFileReference; lastKnownFileType = audio.wav; path = note4.wav; sourceTree = "<group>"; };
		C119E1FA2111A2CC00025202 /* note5.wav */ = {isa = PBXFileReference; lastKnownFileType = audio.wav; path = note5.wav; sourceTree = "<group>"; };
		C119E1FB2111A2CE00025202 /* note1.wav */ = {isa = PBXFileReference; lastKnownFileType = audio.wav; path = note1.wav; sourceTree = "<group>"; };
		C119E1FC2111A2CF00025202 /* note6.wav */ = {isa = PBXFileReference; lastKnownFileType = audio.wav; path = note6.wav; sourceTree = "<group>"; };
/* End PBXFileReference section */

/* Begin PBXFrameworksBuildPhase section */
		C119E1DC211198AB00025202 /* Frameworks */ = {
			isa = PBXFrameworksBuildPhase;
			buildActionMask = 2147483647;
			files = (
			);
			runOnlyForDeploymentPostprocessing = 0;
		};
/* End PBXFrameworksBuildPhase section */

/* Begin PBXGroup section */
		C119E1D6211198AB00025202 = {
			isa = PBXGroup;
			children = (
				C119E1E1211198AB00025202 /* Xylophone */,
				C119E1E0211198AB00025202 /* Products */,
			);
			sourceTree = "<group>";
		};
		C119E1E0211198AB00025202 /* Products */ = {
			isa = PBXGroup;
			children = (
				C119E1DF211198AB00025202 /* Xylophone.app */,
			);
			name = Products;
			sourceTree = "<group>";
		};
		C119E1E1211198AB00025202 /* Xylophone */ = {
			isa = PBXGroup;
			children = (
				C119E1E2211198AB00025202 /* AppDelegate.swift */,
				C119E1E4211198AB00025202 /* ViewController.swift */,
				C119E1E6211198AB00025202 /* Main.storyboard */,
				C119E1E9211198AC00025202 /* Assets.xcassets */,
				C119E1EB211198AC00025202 /* LaunchScreen.storyboard */,
				C119E1EE211198AC00025202 /* Info.plist */,
				C119E2042111A2D600025202 /* Sound Files */,
			);
			path = Xylophone;
			sourceTree = "<group>";
		};
		C119E2042111A2D600025202 /* Sound Files */ = {
			isa = PBXGroup;
			children = (
				C119E1FC2111A2CF00025202 /* note6.wav */,
				C119E1F82111A2C900025202 /* note7.wav */,
				C119E1FB2111A2CE00025202 /* note1.wav */,
				C119E1F72111A2C700025202 /* note2.wav */,
				C119E1F62111A2C600025202 /* note3.wav */,
				C119E1F92111A2CB00025202 /* note4.wav */,
				C119E1FA2111A2CC00025202 /* note5.wav */,
			);
			path = "Sound Files";
			sourceTree = "<group>";
		};
/* End PBXGroup section */

/* Begin PBXNativeTarget section */
		C119E1DE211198AB00025202 /* Xylophone */ = {
			isa = PBXNativeTarget;
			buildConfigurationList = C119E1F1211198AC00025202 /* Build configuration list for PBXNativeTarget "Xylophone" */;
			buildPhases = (
				C119E1DB211198AB00025202 /* Sources */,
				C119E1DC211198AB00025202 /* Frameworks */,
				C119E1DD211198AB00025202 /* Resources */,
			);
			buildRules = (
			);
			dependencies = (
			);
			name = Xylophone;
			productName = Xylophone;
			productReference = C119E1DF211198AB00025202 /* Xylophone.app */;
			productType = "com.apple.product-type.application";
		};
/* End PBXNativeTarget section */

/* Begin PBXProject section */
		C119E1D7211198AB00025202 /* Project object */ = {
			isa = PBXProject;
			attributes = {
				LastSwiftUpdateCheck = 0940;
				LastUpgradeCheck = 0940;
				ORGANIZATIONNAME = "Slavyana Chervenkondeva";
				TargetAttributes = {
					C119E1DE211198AB00025202 = {
						CreatedOnToolsVersion = 9.4.1;
					};
				};
			};
			buildConfigurationList = C119E1DA211198AB00025202 /* Build configuration list for PBXProject "Xylophone" */;
			compatibilityVersion = "Xcode 9.3";
			developmentRegion = en;
			hasScannedForEncodings = 0;
			knownRegions = (
				en,
				Base,
			);
			mainGroup = C119E1D6211198AB00025202;
			productRefGroup = C119E1E0211198AB00025202 /* Products */;
			projectDirPath = "";
			projectRoot = "";
			targets = (
				C119E1DE211198AB00025202 /* Xylophone */,
			);
		};
/* End PBXProject section */

/* Begin PBXResourcesBuildPhase section */
		C119E1DD211198AB00025202 /* Resources */ = {
			isa = PBXResourcesBuildPhase;
			buildActionMask = 2147483647;
			files = (
				C119E2022111A2CF00025202 /* note1.wav in Resources */,
				C119E2012111A2CF00025202 /* note5.wav in Resources */,
				C119E1FF2111A2CF00025202 /* note7.wav in Resources */,
				C119E2032111A2CF00025202 /* note6.wav in Resources */,
				C119E1ED211198AC00025202 /* LaunchScreen.storyboard in Resources */,
				C119E2002111A2CF00025202 /* note4.wav in Resources */,
				C119E1FE2111A2CF00025202 /* note2.wav in Resources */,
				C119E1EA211198AC00025202 /* Assets.xcassets in Resources */,
				C119E1FD2111A2CF00025202 /* note3.wav in Resources */,
				C119E1E8211198AB00025202 /* Main.storyboard in Resources */,
			);
			runOnlyForDeploymentPostprocessing = 0;
		};
/* End PBXResourcesBuildPhase section */

/* Begin PBXSourcesBuildPhase section */
		C119E1DB211198AB00025202 /* Sources */ = {
			isa = PBXSourcesBuildPhase;
			buildActionMask = 2147483647;
			files = (
				C119E1E5211198AB00025202 /* ViewController.swift in Sources */,
				C119E1E3211198AB00025202 /* AppDelegate.swift in Sources */,
			);
			runOnlyForDeploymentPostprocessing = 0;
		};
/* End PBXSourcesBuildPhase section */

/* Begin PBXVariantGroup section */
		C119E1E6211198AB00025202 /* Main.storyboard */ = {
			isa = PBXVariantGroup;
			children = (
				C119E1E7211198AB00025202 /* Base */,
			);
			name = Main.storyboard;
			sourceTree = "<group>";
		};
		C119E1EB211198AC00025202 /* LaunchScreen.storyboard */ = {
			isa = PBXVariantGroup;
			children = (
				C119E1EC211198AC00025202 /* Base */,
			);
			name = LaunchScreen.storyboard;
			sourceTree = "<group>";
		};
/* End PBXVariantGroup section */

/* Begin XCBuildConfiguration section */
		C119E1EF211198AC00025202 /* Debug */ = {
			isa = XCBuildConfiguration;
			buildSettings = {
				ALWAYS_SEARCH_USER_PATHS = NO;
				CLANG_ANALYZER_NONNULL = YES;
				CLANG_ANALYZER_NUMBER_OBJECT_CONVERSION = YES_AGGRESSIVE;
				CLANG_CXX_LANGUAGE_STANDARD = "gnu++14";
				CLANG_CXX_LIBRARY = "libc++";
				CLANG_ENABLE_MODULES = YES;
				CLANG_ENABLE_OBJC_ARC = YES;
				CLANG_ENABLE_OBJC_WEAK = YES;
				CLANG_WARN_BLOCK_CAPTURE_AUTORELEASING = YES;
				CLANG_WARN_BOOL_CONVERSION = YES;
				CLANG_WARN_COMMA = YES;
				CLANG_WARN_CONSTANT_CONVERSION = YES;
				CLANG_WARN_DEPRECATED_OBJC_IMPLEMENTATIONS = YES;
				CLANG_WARN_DIRECT_OBJC_ISA_USAGE = YES_ERROR;
				CLANG_WARN_DOCUMENTATION_COMMENTS = YES;
				CLANG_WARN_EMPTY_BODY = YES;
				CLANG_WARN_ENUM_CONVERSION = YES;
				CLANG_WARN_INFINITE_RECURSION = YES;
				CLANG_WARN_INT_CONVERSION = YES;
				CLANG_WARN_NON_LITERAL_NULL_CONVERSION = YES;
				CLANG_WARN_OBJC_IMPLICIT_RETAIN_SELF = YES;
				CLANG_WARN_OBJC_LITERAL_CONVERSION = YES;
				CLANG_WARN_OBJC_ROOT_CLASS = YES_ERROR;
				CLANG_WARN_RANGE_LOOP_ANALYSIS = YES;
				CLANG_WARN_STRICT_PROTOTYPES = YES;
				CLANG_WARN_SUSPICIOUS_MOVE = YES;
				CLANG_WARN_UNGUARDED_AVAILABILITY = YES_AGGRESSIVE;
				CLANG_WARN_UNREACHABLE_CODE = YES;
				CLANG_WARN__DUPLICATE_METHOD_MATCH = YES;
				CODE_SIGN_IDENTITY = "iPhone Developer";
				COPY_PHASE_STRIP = NO;
				DEBUG_INFORMATION_FORMAT = dwarf;
				ENABLE_STRICT_OBJC_MSGSEND = YES;
				ENABLE_TESTABILITY = YES;
				GCC_C_LANGUAGE_STANDARD = gnu11;
				GCC_DYNAMIC_NO_PIC = NO;
				GCC_NO_COMMON_BLOCKS = YES;
				GCC_OPTIMIZATION_LEVEL = 0;
				GCC_PREPROCESSOR_DEFINITIONS = (
					"DEBUG=1",
					"$(inherited)",
				);
				GCC_WARN_64_TO_32_BIT_CONVERSION = YES;
				GCC_WARN_ABOUT_RETURN_TYPE = YES_ERROR;
				GCC_WARN_UNDECLARED_SELECTOR = YES;
				GCC_WARN_UNINITIALIZED_AUTOS = YES_AGGRESSIVE;
				GCC_WARN_UNUSED_FUNCTION = YES;
				GCC_WARN_UNUSED_VARIABLE = YES;
				IPHONEOS_DEPLOYMENT_TARGET = 11.4;
				MTL_ENABLE_DEBUG_INFO = YES;
				ONLY_ACTIVE_ARCH = YES;
				SDKROOT = iphoneos;
				SWIFT_ACTIVE_COMPILATION_CONDITIONS = DEBUG;
				SWIFT_OPTIMIZATION_LEVEL = "-Onone";
			};
			name = Debug;
		};
		C119E1F0211198AC00025202 /* Release */ = {
			isa = XCBuildConfiguration;
			buildSettings = {
				ALWAYS_SEARCH_USER_PATHS = NO;
				CLANG_ANALYZER_NONNULL = YES;
				CLANG_ANALYZER_NUMBER_OBJECT_CONVERSION = YES_AGGRESSIVE;
				CLANG_CXX_LANGUAGE_STANDARD = "gnu++14";
				CLANG_CXX_LIBRARY = "libc++";
				CLANG_ENABLE_MODULES = YES;
				CLANG_ENABLE_OBJC_ARC = YES;
				CLANG_ENABLE_OBJC_WEAK = YES;
				CLANG_WARN_BLOCK_CAPTURE_AUTORELEASING = YES;
				CLANG_WARN_BOOL_CONVERSION = YES;
				CLANG_WARN_COMMA = YES;
				CLANG_WARN_CONSTANT_CONVERSION = YES;
				CLANG_WARN_DEPRECATED_OBJC_IMPLEMENTATIONS = YES;
				CLANG_WARN_DIRECT_OBJC_ISA_USAGE = YES_ERROR;
				CLANG_WARN_DOCUMENTATION_COMMENTS = YES;
				CLANG_WARN_EMPTY_BODY = YES;
				CLANG_WARN_ENUM_CONVERSION = YES;
				CLANG_WARN_INFINITE_RECURSION = YES;
				CLANG_WARN_INT_CONVERSION = YES;
				CLANG_WARN_NON_LITERAL_NULL_CONVERSION = YES;
				CLANG_WARN_OBJC_IMPLICIT_RETAIN_SELF = YES;
				CLANG_WARN_OBJC_LITERAL_CONVERSION = YES;
				CLANG_WARN_OBJC_ROOT_CLASS = YES_ERROR;
				CLANG_WARN_RANGE_LOOP_ANALYSIS = YES;
				CLANG_WARN_STRICT_PROTOTYPES = YES;
				CLANG_WARN_SUSPICIOUS_MOVE = YES;
				CLANG_WARN_UNGUARDED_AVAILABILITY = YES_AGGRESSIVE;
				CLANG_WARN_UNREACHABLE_CODE = YES;
				CLANG_WARN__DUPLICATE_METHOD_MATCH = YES;
				CODE_SIGN_IDENTITY = "iPhone Developer";
				COPY_PHASE_STRIP = NO;
				DEBUG_INFORMATION_FORMAT = "dwarf-with-dsym";
				ENABLE_NS_ASSERTIONS = NO;
				ENABLE_STRICT_OBJC_MSGSEND = YES;
				GCC_C_LANGUAGE_STANDARD = gnu11;
				GCC_NO_COMMON_BLOCKS = YES;
				GCC_WARN_64_TO_32_BIT_CONVERSION = YES;
				GCC_WARN_ABOUT_RETURN_TYPE = YES_ERROR;
				GCC_WARN_UNDECLARED_SELECTOR = YES;
				GCC_WARN_UNINITIALIZED_AUTOS = YES_AGGRESSIVE;
				GCC_WARN_UNUSED_FUNCTION = YES;
				GCC_WARN_UNUSED_VARIABLE = YES;
				IPHONEOS_DEPLOYMENT_TARGET = 11.4;
				MTL_ENABLE_DEBUG_INFO = NO;
				SDKROOT = iphoneos;
				SWIFT_COMPILATION_MODE = wholemodule;
				SWIFT_OPTIMIZATION_LEVEL = "-O";
				VALIDATE_PRODUCT = YES;
			};
			name = Release;
		};
		C119E1F2211198AC00025202 /* Debug */ = {
			isa = XCBuildConfiguration;
			buildSettings = {
				ASSETCATALOG_COMPILER_APPICON_NAME = AppIcon;
				CODE_SIGN_STYLE = Automatic;
				DEVELOPMENT_TEAM = 32LFP2ARQE;
				INFOPLIST_FILE = Xylophone/Info.plist;
				LD_RUNPATH_SEARCH_PATHS = (
					"$(inherited)",
					"@executable_path/Frameworks",
				);
				PRODUCT_BUNDLE_IDENTIFIER = com.imperialintern.Xylophone;
				PRODUCT_NAME = "$(TARGET_NAME)";
				SWIFT_VERSION = 4.0;
				TARGETED_DEVICE_FAMILY = "1,2";
			};
			name = Debug;
		};
		C119E1F3211198AC00025202 /* Release */ = {
			isa = XCBuildConfiguration;
			buildSettings = {
				ASSETCATALOG_COMPILER_APPICON_NAME = AppIcon;
				CODE_SIGN_STYLE = Automatic;
				DEVELOPMENT_TEAM = 32LFP2ARQE;
				INFOPLIST_FILE = Xylophone/Info.plist;
				LD_RUNPATH_SEARCH_PATHS = (
					"$(inherited)",
					"@executable_path/Frameworks",
				);
				PRODUCT_BUNDLE_IDENTIFIER = com.imperialintern.Xylophone;
				PRODUCT_NAME = "$(TARGET_NAME)";
				SWIFT_VERSION = 4.0;
				TARGETED_DEVICE_FAMILY = "1,2";
			};
			name = Release;
		};
/* End XCBuildConfiguration section */

/* Begin XCConfigurationList section */
		C119E1DA211198AB00025202 /* Build configuration list for PBXProject "Xylophone" */ = {
			isa = XCConfigurationList;
			buildConfigurations = (
				C119E1EF211198AC00025202 /* Debug */,
				C119E1F0211198AC00025202 /* Release */,
			);
			defaultConfigurationIsVisible = 0;
			defaultConfigurationName = Release;
		};
		C119E1F1211198AC00025202 /* Build configuration list for PBXNativeTarget "Xylophone" */ = {
			isa = XCConfigurationList;
			buildConfigurations = (
				C119E1F2211198AC00025202 /* Debug */,
				C119E1F3211198AC00025202 /* Release */,
			);
			defaultConfigurationIsVisible = 0;
			defaultConfigurationName = Release;
		};
/* End XCConfigurationList section */
	};
	rootObject = C119E1D7211198AB00025202 /* Project object */;
}
