PODS:
  - JTAppleCalendar (7.1.5)
  - SwiftDate (5.0.7)

DEPENDENCIES:
  - JTAppleCalendar
  - SwiftDate

SPEC REPOS:
  https://github.com/cocoapods/specs.git:
    - JTAppleCalendar
    - SwiftDate

SPEC CHECKSUMS:
  JTAppleCalendar: 2d4f974f9f3c8b4964d51ca1f6e004883c031fbe
  SwiftDate: f053fb89250c59af5eff777f3b832d2b9dd57403

PODFILE CHECKSUM: 3c784fdfa7179e03d7597b6735584cb1975808de

COCOAPODS: 1.5.3
